
Microsoft Visual Studio Solution File, Format Version 12.00
# Visual Studio Express 2012 for Web
Project("{FAE04EC0-301F-11D3-BF4B-00C04F79EFBC}") = "SafeNuGet", "SafeNuget\SafeNuGet.csproj", "{DFAC6418-BBCE-40DF-90D5-35BDA41872A7}"
EndProject
Project("{FAE04EC0-301F-11D3-BF4B-00C04F79EFBC}") = "SafeNuGetTesting", "SafeNuGetTesting\SafeNuGetTesting.csproj", "{DDE8E8FF-B468-4F7D-AF73-CB0D5D9A815D}"
EndProject
Project("{FAE04EC0-301F-11D3-BF4B-00C04F79EFBC}") = "DemoLib", "DemoLib\DemoLib.csproj", "{C39B17F5-AC01-4417-BA44-054FD4A8C237}"
EndProject
Project("{2150E333-8FDC-42A3-9474-1A3956D46DE8}") = "Demos", "Demos", "{A2EB83B3-F9AD-4CCC-A200-8BE01296F753}"
EndProject
Project("{FAE04EC0-301F-11D3-BF4B-00C04F79EFBC}") = "Unsafelib", "Unsafelib\Unsafelib.csproj", "{79B241C6-556C-467D-A221-5AA573360692}"
EndProject
Global
	GlobalSection(SolutionConfigurationPlatforms) = preSolution
		Debug|Any CPU = Debug|Any CPU
		Release|Any CPU = Release|Any CPU
	EndGlobalSection
	GlobalSection(ProjectConfigurationPlatforms) = postSolution
		{DFAC6418-BBCE-40DF-90D5-35BDA41872A7}.Debug|Any CPU.ActiveCfg = Debug|Any CPU
		{DFAC6418-BBCE-40DF-90D5-35BDA41872A7}.Debug|Any CPU.Build.0 = Debug|Any CPU
		{DFAC6418-BBCE-40DF-90D5-35BDA41872A7}.Release|Any CPU.ActiveCfg = Release|Any CPU
		{DFAC6418-BBCE-40DF-90D5-35BDA41872A7}.Release|Any CPU.Build.0 = Release|Any CPU
		{DDE8E8FF-B468-4F7D-AF73-CB0D5D9A815D}.Debug|Any CPU.ActiveCfg = Debug|Any CPU
		{DDE8E8FF-B468-4F7D-AF73-CB0D5D9A815D}.Debug|Any CPU.Build.0 = Debug|Any CPU
		{DDE8E8FF-B468-4F7D-AF73-CB0D5D9A815D}.Release|Any CPU.ActiveCfg = Release|Any CPU
		{DDE8E8FF-B468-4F7D-AF73-CB0D5D9A815D}.Release|Any CPU.Build.0 = Release|Any CPU
		{C39B17F5-AC01-4417-BA44-054FD4A8C237}.Debug|Any CPU.ActiveCfg = Debug|Any CPU
		{C39B17F5-AC01-4417-BA44-054FD4A8C237}.Debug|Any CPU.Build.0 = Debug|Any CPU
		{C39B17F5-AC01-4417-BA44-054FD4A8C237}.Release|Any CPU.ActiveCfg = Release|Any CPU
		{C39B17F5-AC01-4417-BA44-054FD4A8C237}.Release|Any CPU.Build.0 = Release|Any CPU
		{79B241C6-556C-467D-A221-5AA573360692}.Debug|Any CPU.ActiveCfg = Debug|Any CPU
		{79B241C6-556C-467D-A221-5AA573360692}.Debug|Any CPU.Build.0 = Debug|Any CPU
		{79B241C6-556C-467D-A221-5AA573360692}.Release|Any CPU.ActiveCfg = Release|Any CPU
		{79B241C6-556C-467D-A221-5AA573360692}.Release|Any CPU.Build.0 = Release|Any CPU
	EndGlobalSection
	GlobalSection(SolutionProperties) = preSolution
		HideSolutionNode = FALSE
	EndGlobalSection
	GlobalSection(NestedProjects) = preSolution
		{C39B17F5-AC01-4417-BA44-054FD4A8C237} = {A2EB83B3-F9AD-4CCC-A200-8BE01296F753}
		{79B241C6-556C-467D-A221-5AA573360692} = {A2EB83B3-F9AD-4CCC-A200-8BE01296F753}
	EndGlobalSection
EndGlobal
